// !$*UTF8*$!
{
	archiveVersion = 1;
	classes = {
	};
	objectVersion = 50;
	objects = {

/* Begin PBXBuildFile section */
		FC55FBAA260C78860015F3A3 /* Poker_hw2App.swift in Sources */ = {isa = PBXBuildFile; fileRef = FC55FBA9260C78860015F3A3 /* Poker_hw2App.swift */; };
		FC55FBAC260C78860015F3A3 /* ContentView.swift in Sources */ = {isa = PBXBuildFile; fileRef = FC55FBAB260C78860015F3A3 /* ContentView.swift */; };
		FC55FBAE260C78870015F3A3 /* Assets.xcassets in Resources */ = {isa = PBXBuildFile; fileRef = FC55FBAD260C78870015F3A3 /* Assets.xcassets */; };
		FC55FBB1260C78870015F3A3 /* Preview Assets.xcassets in Resources */ = {isa = PBXBuildFile; fileRef = FC55FBB0260C78870015F3A3 /* Preview Assets.xcassets */; };
		FC55FBBA260C7AA50015F3A3 /* crayon_1-1.ttf in Resources */ = {isa = PBXBuildFile; fileRef = FC55FBB9260C7AA50015F3A3 /* crayon_1-1.ttf */; };
		FC55FBBD260C83CF0015F3A3 /* GamePage.swift in Sources */ = {isa = PBXBuildFile; fileRef = FC55FBBC260C83CF0015F3A3 /* GamePage.swift */; };
		FC55FBCB26159C060015F3A3 /* Card.swift in Sources */ = {isa = PBXBuildFile; fileRef = FC55FBCA26159C060015F3A3 /* Card.swift */; };
		FC55FBD4261768D20015F3A3 /* LosePage.swift in Sources */ = {isa = PBXBuildFile; fileRef = FC55FBD3261768D20015F3A3 /* LosePage.swift */; };
		FC55FBD826187C1E0015F3A3 /* WinPage.swift in Sources */ = {isa = PBXBuildFile; fileRef = FC55FBD726187C1E0015F3A3 /* WinPage.swift */; };
		FC55FBDC261884800015F3A3 /* GameOverPage.swift in Sources */ = {isa = PBXBuildFile; fileRef = FC55FBDB261884800015F3A3 /* GameOverPage.swift */; };
		FC55FBE126199CD90015F3A3 /* youtube_bgm.mp3 in Resources */ = {isa = PBXBuildFile; fileRef = FC55FBE026199CD80015F3A3 /* youtube_bgm.mp3 */; };
/* End PBXBuildFile section */

/* Begin PBXFileReference section */
		FC55FBA6260C78860015F3A3 /* Poker_hw2.app */ = {isa = PBXFileReference; explicitFileType = wrapper.application; includeInIndex = 0; path = Poker_hw2.app; sourceTree = BUILT_PRODUCTS_DIR; };
		FC55FBA9260C78860015F3A3 /* Poker_hw2App.swift */ = {isa = PBXFileReference; lastKnownFileType = sourcecode.swift; path = Poker_hw2App.swift; sourceTree = "<group>"; };
		FC55FBAB260C78860015F3A3 /* ContentView.swift */ = {isa = PBXFileReference; lastKnownFileType = sourcecode.swift; path = ContentView.swift; sourceTree = "<group>"; };
		FC55FBAD260C78870015F3A3 /* Assets.xcassets */ = {isa = PBXFileReference; lastKnownFileType = folder.assetcatalog; path = Assets.xcassets; sourceTree = "<group>"; };
		FC55FBB0260C78870015F3A3 /* Preview Assets.xcassets */ = {isa = PBXFileReference; lastKnownFileType = folder.assetcatalog; path = "Preview Assets.xcassets"; sourceTree = "<group>"; };
		FC55FBB2260C78870015F3A3 /* Info.plist */ = {isa = PBXFileReference; lastKnownFileType = text.plist.xml; path = Info.plist; sourceTree = "<group>"; };
		FC55FBB9260C7AA50015F3A3 /* crayon_1-1.ttf */ = {isa = PBXFileReference; lastKnownFileType = file; path = "crayon_1-1.ttf"; sourceTree = "<group>"; };
		FC55FBBC260C83CF0015F3A3 /* GamePage.swift */ = {isa = PBXFileReference; lastKnownFileType = sourcecode.swift; path = GamePage.swift; sourceTree = "<group>"; };
		FC55FBCA26159C060015F3A3 /* Card.swift */ = {isa = PBXFileReference; lastKnownFileType = sourcecode.swift; path = Card.swift; sourceTree = "<group>"; };
		FC55FBD3261768D20015F3A3 /* LosePage.swift */ = {isa = PBXFileReference; lastKnownFileType = sourcecode.swift; path = LosePage.swift; sourceTree = "<group>"; };
		FC55FBD726187C1E0015F3A3 /* WinPage.swift */ = {isa = PBXFileReference; lastKnownFileType = sourcecode.swift; path = WinPage.swift; sourceTree = "<group>"; };
		FC55FBDB261884800015F3A3 /* GameOverPage.swift */ = {isa = PBXFileReference; lastKnownFileType = sourcecode.swift; path = GameOverPage.swift; sourceTree = "<group>"; };
		FC55FBE026199CD80015F3A3 /* youtube_bgm.mp3 */ = {isa = PBXFileReference; lastKnownFileType = audio.mp3; path = youtube_bgm.mp3; sourceTree = "<group>"; };
/* End PBXFileReference section */

/* Begin PBXFrameworksBuildPhase section */
		FC55FBA3260C78860015F3A3 /* Frameworks */ = {
			isa = PBXFrameworksBuildPhase;
			buildActionMask = 2147483647;
			files = (
			);
			runOnlyForDeploymentPostprocessing = 0;
		};
/* End PBXFrameworksBuildPhase section */

/* Begin PBXGroup section */
		FC55FB9D260C78860015F3A3 = {
			isa = PBXGroup;
			children = (
				FC55FBA8260C78860015F3A3 /* Poker_hw2 */,
				FC55FBA7260C78860015F3A3 /* Products */,
			);
			sourceTree = "<group>";
		};
		FC55FBA7260C78860015F3A3 /* Products */ = {
			isa = PBXGroup;
			children = (
				FC55FBA6260C78860015F3A3 /* Poker_hw2.app */,
			);
			name = Products;
			sourceTree = "<group>";
		};
		FC55FBA8260C78860015F3A3 /* Poker_hw2 */ = {
			isa = PBXGroup;
			children = (
				FC55FBA9260C78860015F3A3 /* Poker_hw2App.swift */,
				FC55FBAB260C78860015F3A3 /* ContentView.swift */,
				FC55FBBC260C83CF0015F3A3 /* GamePage.swift */,
				FC55FBDB261884800015F3A3 /* GameOverPage.swift */,
				FC55FBD3261768D20015F3A3 /* LosePage.swift */,
				FC55FBD726187C1E0015F3A3 /* WinPage.swift */,
				FC55FBE026199CD80015F3A3 /* youtube_bgm.mp3 */,
				FC55FBAD260C78870015F3A3 /* Assets.xcassets */,
				FC55FBB9260C7AA50015F3A3 /* crayon_1-1.ttf */,
				FC55FBB2260C78870015F3A3 /* Info.plist */,
				FC55FBCA26159C060015F3A3 /* Card.swift */,
				FC55FBAF260C78870015F3A3 /* Preview Content */,
			);
			path = Poker_hw2;
			sourceTree = "<group>";
		};
		FC55FBAF260C78870015F3A3 /* Preview Content */ = {
			isa = PBXGroup;
			children = (
				FC55FBB0260C78870015F3A3 /* Preview Assets.xcassets */,
			);
			path = "Preview Content";
			sourceTree = "<group>";
		};
/* End PBXGroup section */

/* Begin PBXNativeTarget section */
		FC55FBA5260C78860015F3A3 /* Poker_hw2 */ = {
			isa = PBXNativeTarget;
			buildConfigurationList = FC55FBB5260C78870015F3A3 /* Build configuration list for PBXNativeTarget "Poker_hw2" */;
			buildPhases = (
				FC55FBA2260C78860015F3A3 /* Sources */,
				FC55FBA3260C78860015F3A3 /* Frameworks */,
				FC55FBA4260C78860015F3A3 /* Resources */,
			);
			buildRules = (
			);
			dependencies = (
			);
			name = Poker_hw2;
			productName = Poker_hw2;
			productReference = FC55FBA6260C78860015F3A3 /* Poker_hw2.app */;
			productType = "com.apple.product-type.application";
		};
/* End PBXNativeTarget section */

/* Begin PBXProject section */
		FC55FB9E260C78860015F3A3 /* Project object */ = {
			isa = PBXProject;
			attributes = {
				LastSwiftUpdateCheck = 1240;
				LastUpgradeCheck = 1240;
				TargetAttributes = {
					FC55FBA5260C78860015F3A3 = {
						CreatedOnToolsVersion = 12.4;
					};
				};
			};
			buildConfigurationList = FC55FBA1260C78860015F3A3 /* Build configuration list for PBXProject "Poker_hw2" */;
			compatibilityVersion = "Xcode 9.3";
			developmentRegion = en;
			hasScannedForEncodings = 0;
			knownRegions = (
				en,
				Base,
			);
			mainGroup = FC55FB9D260C78860015F3A3;
			productRefGroup = FC55FBA7260C78860015F3A3 /* Products */;
			projectDirPath = "";
			projectRoot = "";
			targets = (
				FC55FBA5260C78860015F3A3 /* Poker_hw2 */,
			);
		};
/* End PBXProject section */

/* Begin PBXResourcesBuildPhase section */
		FC55FBA4260C78860015F3A3 /* Resources */ = {
			isa = PBXResourcesBuildPhase;
			buildActionMask = 2147483647;
			files = (
				FC55FBBA260C7AA50015F3A3 /* crayon_1-1.ttf in Resources */,
				FC55FBB1260C78870015F3A3 /* Preview Assets.xcassets in Resources */,
				FC55FBAE260C78870015F3A3 /* Assets.xcassets in Resources */,
				FC55FBE126199CD90015F3A3 /* youtube_bgm.mp3 in Resources */,
			);
			runOnlyForDeploymentPostprocessing = 0;
		};
/* End PBXResourcesBuildPhase section */

/* Begin PBXSourcesBuildPhase section */
		FC55FBA2260C78860015F3A3 /* Sources */ = {
			isa = PBXSourcesBuildPhase;
			buildActionMask = 2147483647;
			files = (
				FC55FBD4261768D20015F3A3 /* LosePage.swift in Sources */,
				FC55FBAC260C78860015F3A3 /* ContentView.swift in Sources */,
				FC55FBAA260C78860015F3A3 /* Poker_hw2App.swift in Sources */,
				FC55FBD826187C1E0015F3A3 /* WinPage.swift in Sources */,
				FC55FBBD260C83CF0015F3A3 /* GamePage.swift in Sources */,
				FC55FBDC261884800015F3A3 /* GameOverPage.swift in Sources */,
				FC55FBCB26159C060015F3A3 /* Card.swift in Sources */,
			);
			runOnlyForDeploymentPostprocessing = 0;
		};
/* End PBXSourcesBuildPhase section */

/* Begin XCBuildConfiguration section */
		FC55FBB3260C78870015F3A3 /* Debug */ = {
			isa = XCBuildConfiguration;
			buildSettings = {
				ALWAYS_SEARCH_USER_PATHS = NO;
				CLANG_ANALYZER_NONNULL = YES;
				CLANG_ANALYZER_NUMBER_OBJECT_CONVERSION = YES_AGGRESSIVE;
				CLANG_CXX_LANGUAGE_STANDARD = "gnu++14";
				CLANG_CXX_LIBRARY = "libc++";
				CLANG_ENABLE_MODULES = YES;
				CLANG_ENABLE_OBJC_ARC = YES;
				CLANG_ENABLE_OBJC_WEAK = YES;
				CLANG_WARN_BLOCK_CAPTURE_AUTORELEASING = YES;
				CLANG_WARN_BOOL_CONVERSION = YES;
				CLANG_WARN_COMMA = YES;
				CLANG_WARN_CONSTANT_CONVERSION = YES;
				CLANG_WARN_DEPRECATED_OBJC_IMPLEMENTATIONS = YES;
				CLANG_WARN_DIRECT_OBJC_ISA_USAGE = YES_ERROR;
				CLANG_WARN_DOCUMENTATION_COMMENTS = YES;
				CLANG_WARN_EMPTY_BODY = YES;
				CLANG_WARN_ENUM_CONVERSION = YES;
				CLANG_WARN_INFINITE_RECURSION = YES;
				CLANG_WARN_INT_CONVERSION = YES;
				CLANG_WARN_NON_LITERAL_NULL_CONVERSION = YES;
				CLANG_WARN_OBJC_IMPLICIT_RETAIN_SELF = YES;
				CLANG_WARN_OBJC_LITERAL_CONVERSION = YES;
				CLANG_WARN_OBJC_ROOT_CLASS = YES_ERROR;
				CLANG_WARN_QUOTED_INCLUDE_IN_FRAMEWORK_HEADER = YES;
				CLANG_WARN_RANGE_LOOP_ANALYSIS = YES;
				CLANG_WARN_STRICT_PROTOTYPES = YES;
				CLANG_WARN_SUSPICIOUS_MOVE = YES;
				CLANG_WARN_UNGUARDED_AVAILABILITY = YES_AGGRESSIVE;
				CLANG_WARN_UNREACHABLE_CODE = YES;
				CLANG_WARN__DUPLICATE_METHOD_MATCH = YES;
				COPY_PHASE_STRIP = NO;
				DEBUG_INFORMATION_FORMAT = dwarf;
				ENABLE_STRICT_OBJC_MSGSEND = YES;
				ENABLE_TESTABILITY = YES;
				GCC_C_LANGUAGE_STANDARD = gnu11;
				GCC_DYNAMIC_NO_PIC = NO;
				GCC_NO_COMMON_BLOCKS = YES;
				GCC_OPTIMIZATION_LEVEL = 0;
				GCC_PREPROCESSOR_DEFINITIONS = (
					"DEBUG=1",
					"$(inherited)",
				);
				GCC_WARN_64_TO_32_BIT_CONVERSION = YES;
				GCC_WARN_ABOUT_RETURN_TYPE = YES_ERROR;
				GCC_WARN_UNDECLARED_SELECTOR = YES;
				GCC_WARN_UNINITIALIZED_AUTOS = YES_AGGRESSIVE;
				GCC_WARN_UNUSED_FUNCTION = YES;
				GCC_WARN_UNUSED_VARIABLE = YES;
				IPHONEOS_DEPLOYMENT_TARGET = 14.4;
				MTL_ENABLE_DEBUG_INFO = INCLUDE_SOURCE;
				MTL_FAST_MATH = YES;
				ONLY_ACTIVE_ARCH = YES;
				SDKROOT = iphoneos;
				SWIFT_ACTIVE_COMPILATION_CONDITIONS = DEBUG;
				SWIFT_OPTIMIZATION_LEVEL = "-Onone";
			};
			name = Debug;
		};
		FC55FBB4260C78870015F3A3 /* Release */ = {
			isa = XCBuildConfiguration;
			buildSettings = {
				ALWAYS_SEARCH_USER_PATHS = NO;
				CLANG_ANALYZER_NONNULL = YES;
				CLANG_ANALYZER_NUMBER_OBJECT_CONVERSION = YES_AGGRESSIVE;
				CLANG_CXX_LANGUAGE_STANDARD = "gnu++14";
				CLANG_CXX_LIBRARY = "libc++";
				CLANG_ENABLE_MODULES = YES;
				CLANG_ENABLE_OBJC_ARC = YES;
				CLANG_ENABLE_OBJC_WEAK = YES;
				CLANG_WARN_BLOCK_CAPTURE_AUTORELEASING = YES;
				CLANG_WARN_BOOL_CONVERSION = YES;
				CLANG_WARN_COMMA = YES;
				CLANG_WARN_CONSTANT_CONVERSION = YES;
				CLANG_WARN_DEPRECATED_OBJC_IMPLEMENTATIONS = YES;
				CLANG_WARN_DIRECT_OBJC_ISA_USAGE = YES_ERROR;
				CLANG_WARN_DOCUMENTATION_COMMENTS = YES;
				CLANG_WARN_EMPTY_BODY = YES;
				CLANG_WARN_ENUM_CONVERSION = YES;
				CLANG_WARN_INFINITE_RECURSION = YES;
				CLANG_WARN_INT_CONVERSION = YES;
				CLANG_WARN_NON_LITERAL_NULL_CONVERSION = YES;
				CLANG_WARN_OBJC_IMPLICIT_RETAIN_SELF = YES;
				CLANG_WARN_OBJC_LITERAL_CONVERSION = YES;
				CLANG_WARN_OBJC_ROOT_CLASS = YES_ERROR;
				CLANG_WARN_QUOTED_INCLUDE_IN_FRAMEWORK_HEADER = YES;
				CLANG_WARN_RANGE_LOOP_ANALYSIS = YES;
				CLANG_WARN_STRICT_PROTOTYPES = YES;
				CLANG_WARN_SUSPICIOUS_MOVE = YES;
				CLANG_WARN_UNGUARDED_AVAILABILITY = YES_AGGRESSIVE;
				CLANG_WARN_UNREACHABLE_CODE = YES;
				CLANG_WARN__DUPLICATE_METHOD_MATCH = YES;
				COPY_PHASE_STRIP = NO;
				DEBUG_INFORMATION_FORMAT = "dwarf-with-dsym";
				ENABLE_NS_ASSERTIONS = NO;
				ENABLE_STRICT_OBJC_MSGSEND = YES;
				GCC_C_LANGUAGE_STANDARD = gnu11;
				GCC_NO_COMMON_BLOCKS = YES;
				GCC_WARN_64_TO_32_BIT_CONVERSION = YES;
				GCC_WARN_ABOUT_RETURN_TYPE = YES_ERROR;
				GCC_WARN_UNDECLARED_SELECTOR = YES;
				GCC_WARN_UNINITIALIZED_AUTOS = YES_AGGRESSIVE;
				GCC_WARN_UNUSED_FUNCTION = YES;
				GCC_WARN_UNUSED_VARIABLE = YES;
				IPHONEOS_DEPLOYMENT_TARGET = 14.4;
				MTL_ENABLE_DEBUG_INFO = NO;
				MTL_FAST_MATH = YES;
				SDKROOT = iphoneos;
				SWIFT_COMPILATION_MODE = wholemodule;
				SWIFT_OPTIMIZATION_LEVEL = "-O";
				VALIDATE_PRODUCT = YES;
			};
			name = Release;
		};
		FC55FBB6260C78870015F3A3 /* Debug */ = {
			isa = XCBuildConfiguration;
			buildSettings = {
				ASSETCATALOG_COMPILER_APPICON_NAME = AppIcon;
				ASSETCATALOG_COMPILER_GLOBAL_ACCENT_COLOR_NAME = AccentColor;
				CODE_SIGN_STYLE = Automatic;
				DEVELOPMENT_ASSET_PATHS = "\"Poker_hw2/Preview Content\"";
				ENABLE_PREVIEWS = YES;
				INFOPLIST_FILE = Poker_hw2/Info.plist;
				IPHONEOS_DEPLOYMENT_TARGET = 14.0;
				LD_RUNPATH_SEARCH_PATHS = (
					"$(inherited)",
					"@executable_path/Frameworks",
				);
				PRODUCT_BUNDLE_IDENTIFIER = "dylan.Poker-hw2";
				PRODUCT_NAME = "$(TARGET_NAME)";
				SWIFT_VERSION = 5.0;
				TARGETED_DEVICE_FAMILY = "1,2";
			};
			name = Debug;
		};
		FC55FBB7260C78870015F3A3 /* Release */ = {
			isa = XCBuildConfiguration;
			buildSettings = {
				ASSETCATALOG_COMPILER_APPICON_NAME = AppIcon;
				ASSETCATALOG_COMPILER_GLOBAL_ACCENT_COLOR_NAME = AccentColor;
				CODE_SIGN_STYLE = Automatic;
				DEVELOPMENT_ASSET_PATHS = "\"Poker_hw2/Preview Content\"";
				ENABLE_PREVIEWS = YES;
				INFOPLIST_FILE = Poker_hw2/Info.plist;
				IPHONEOS_DEPLOYMENT_TARGET = 14.0;
				LD_RUNPATH_SEARCH_PATHS = (
					"$(inherited)",
					"@executable_path/Frameworks",
				);
				PRODUCT_BUNDLE_IDENTIFIER = "dylan.Poker-hw2";
				PRODUCT_NAME = "$(TARGET_NAME)";
				SWIFT_VERSION = 5.0;
				TARGETED_DEVICE_FAMILY = "1,2";
			};
			name = Release;
		};
/* End XCBuildConfiguration section */

/* Begin XCConfigurationList section */
		FC55FBA1260C78860015F3A3 /* Build configuration list for PBXProject "Poker_hw2" */ = {
			isa = XCConfigurationList;
			buildConfigurations = (
				FC55FBB3260C78870015F3A3 /* Debug */,
				FC55FBB4260C78870015F3A3 /* Release */,
			);
			defaultConfigurationIsVisible = 0;
			defaultConfigurationName = Release;
		};
		FC55FBB5260C78870015F3A3 /* Build configuration list for PBXNativeTarget "Poker_hw2" */ = {
			isa = XCConfigurationList;
			buildConfigurations = (
				FC55FBB6260C78870015F3A3 /* Debug */,
				FC55FBB7260C78870015F3A3 /* Release */,
			);
			defaultConfigurationIsVisible = 0;
			defaultConfigurationName = Release;
		};
/* End XCConfigurationList section */
	};
	rootObject = FC55FB9E260C78860015F3A3 /* Project object */;
}
